// !$*UTF8*$!
{
	archiveVersion = 1;
	classes = {
	};
	objectVersion = 48;
	objects = {

/* Begin PBXBuildFile section */
		EF126C7E20767E840057F0B8 /* TVCMiCelda.swift in Sources */ = {isa = PBXBuildFile; fileRef = EF126C7D20767E840057F0B8 /* TVCMiCelda.swift */; };
		EF2674F92075214700EBFF61 /* VCTable.swift in Sources */ = {isa = PBXBuildFile; fileRef = EF2674F82075214700EBFF61 /* VCTable.swift */; };
		EF33B52A2086811200C48CE4 /* CVCMiCelda2.swift in Sources */ = {isa = PBXBuildFile; fileRef = EF33B5292086811200C48CE4 /* CVCMiCelda2.swift */; };
		EF52D3D42085FCF0003B8EB0 /* VCCollection.swift in Sources */ = {isa = PBXBuildFile; fileRef = EF52D3D32085FCF0003B8EB0 /* VCCollection.swift */; };
		EF5FF194208A363500412EFB /* DataHolder.swift in Sources */ = {isa = PBXBuildFile; fileRef = EF5FF193208A363500412EFB /* DataHolder.swift */; };
		EFDB76BB2073696C000ACC90 /* AppDelegate.swift in Sources */ = {isa = PBXBuildFile; fileRef = EFDB76BA2073696C000ACC90 /* AppDelegate.swift */; };
		EFDB76BD2073696C000ACC90 /* ViewController.swift in Sources */ = {isa = PBXBuildFile; fileRef = EFDB76BC2073696C000ACC90 /* ViewController.swift */; };
		EFDB76C02073696C000ACC90 /* Main.storyboard in Resources */ = {isa = PBXBuildFile; fileRef = EFDB76BE2073696C000ACC90 /* Main.storyboard */; };
		EFDB76C22073696C000ACC90 /* Assets.xcassets in Resources */ = {isa = PBXBuildFile; fileRef = EFDB76C12073696C000ACC90 /* Assets.xcassets */; };
		EFDB76C52073696C000ACC90 /* LaunchScreen.storyboard in Resources */ = {isa = PBXBuildFile; fileRef = EFDB76C32073696C000ACC90 /* LaunchScreen.storyboard */; };
		EFDB76D02073696C000ACC90 /* MyFirstProjectTests.swift in Sources */ = {isa = PBXBuildFile; fileRef = EFDB76CF2073696C000ACC90 /* MyFirstProjectTests.swift */; };
		EFDB76DB2073696C000ACC90 /* MyFirstProjectUITests.swift in Sources */ = {isa = PBXBuildFile; fileRef = EFDB76DA2073696C000ACC90 /* MyFirstProjectUITests.swift */; };
		EFDB76E920737DBC000ACC90 /* VCRegistrar.swift in Sources */ = {isa = PBXBuildFile; fileRef = EFDB76E820737DBC000ACC90 /* VCRegistrar.swift */; };
/* End PBXBuildFile section */

/* Begin PBXContainerItemProxy section */
		EFDB76CC2073696C000ACC90 /* PBXContainerItemProxy */ = {
			isa = PBXContainerItemProxy;
			containerPortal = EFDB76AF2073696B000ACC90 /* Project object */;
			proxyType = 1;
			remoteGlobalIDString = EFDB76B62073696B000ACC90;
			remoteInfo = MyFirstProject;
		};
		EFDB76D72073696C000ACC90 /* PBXContainerItemProxy */ = {
			isa = PBXContainerItemProxy;
			containerPortal = EFDB76AF2073696B000ACC90 /* Project object */;
			proxyType = 1;
			remoteGlobalIDString = EFDB76B62073696B000ACC90;
			remoteInfo = MyFirstProject;
		};
/* End PBXContainerItemProxy section */

/* Begin PBXFileReference section */
		EF126C7D20767E840057F0B8 /* TVCMiCelda.swift */ = {isa = PBXFileReference; lastKnownFileType = sourcecode.swift; path = TVCMiCelda.swift; sourceTree = "<group>"; };
		EF2674F82075214700EBFF61 /* VCTable.swift */ = {isa = PBXFileReference; lastKnownFileType = sourcecode.swift; path = VCTable.swift; sourceTree = "<group>"; };
		EF33B5292086811200C48CE4 /* CVCMiCelda2.swift */ = {isa = PBXFileReference; lastKnownFileType = sourcecode.swift; path = CVCMiCelda2.swift; sourceTree = "<group>"; };
		EF52D3D32085FCF0003B8EB0 /* VCCollection.swift */ = {isa = PBXFileReference; lastKnownFileType = sourcecode.swift; path = VCCollection.swift; sourceTree = "<group>"; };
		EF5FF193208A363500412EFB /* DataHolder.swift */ = {isa = PBXFileReference; lastKnownFileType = sourcecode.swift; path = DataHolder.swift; sourceTree = "<group>"; };
		EFDB76B72073696B000ACC90 /* MyFirstProject.app */ = {isa = PBXFileReference; explicitFileType = wrapper.application; includeInIndex = 0; path = MyFirstProject.app; sourceTree = BUILT_PRODUCTS_DIR; };
		EFDB76BA2073696C000ACC90 /* AppDelegate.swift */ = {isa = PBXFileReference; lastKnownFileType = sourcecode.swift; path = AppDelegate.swift; sourceTree = "<group>"; };
		EFDB76BC2073696C000ACC90 /* ViewController.swift */ = {isa = PBXFileReference; lastKnownFileType = sourcecode.swift; path = ViewController.swift; sourceTree = "<group>"; };
		EFDB76BF2073696C000ACC90 /* Base */ = {isa = PBXFileReference; lastKnownFileType = file.storyboard; name = Base; path = Base.lproj/Main.storyboard; sourceTree = "<group>"; };
		EFDB76C12073696C000ACC90 /* Assets.xcassets */ = {isa = PBXFileReference; lastKnownFileType = folder.assetcatalog; path = Assets.xcassets; sourceTree = "<group>"; };
		EFDB76C42073696C000ACC90 /* Base */ = {isa = PBXFileReference; lastKnownFileType = file.storyboard; name = Base; path = Base.lproj/LaunchScreen.storyboard; sourceTree = "<group>"; };
		EFDB76C62073696C000ACC90 /* Info.plist */ = {isa = PBXFileReference; lastKnownFileType = text.plist.xml; path = Info.plist; sourceTree = "<group>"; };
		EFDB76CB2073696C000ACC90 /* MyFirstProjectTests.xctest */ = {isa = PBXFileReference; explicitFileType = wrapper.cfbundle; includeInIndex = 0; path = MyFirstProjectTests.xctest; sourceTree = BUILT_PRODUCTS_DIR; };
		EFDB76CF2073696C000ACC90 /* MyFirstProjectTests.swift */ = {isa = PBXFileReference; lastKnownFileType = sourcecode.swift; path = MyFirstProjectTests.swift; sourceTree = "<group>"; };
		EFDB76D12073696C000ACC90 /* Info.plist */ = {isa = PBXFileReference; lastKnownFileType = text.plist.xml; path = Info.plist; sourceTree = "<group>"; };
		EFDB76D62073696C000ACC90 /* MyFirstProjectUITests.xctest */ = {isa = PBXFileReference; explicitFileType = wrapper.cfbundle; includeInIndex = 0; path = MyFirstProjectUITests.xctest; sourceTree = BUILT_PRODUCTS_DIR; };
		EFDB76DA2073696C000ACC90 /* MyFirstProjectUITests.swift */ = {isa = PBXFileReference; lastKnownFileType = sourcecode.swift; path = MyFirstProjectUITests.swift; sourceTree = "<group>"; };
		EFDB76DC2073696C000ACC90 /* Info.plist */ = {isa = PBXFileReference; lastKnownFileType = text.plist.xml; path = Info.plist; sourceTree = "<group>"; };
		EFDB76E820737DBC000ACC90 /* VCRegistrar.swift */ = {isa = PBXFileReference; lastKnownFileType = sourcecode.swift; path = VCRegistrar.swift; sourceTree = "<group>"; };
/* End PBXFileReference section */

/* Begin PBXFrameworksBuildPhase section */
		EFDB76B42073696B000ACC90 /* Frameworks */ = {
			isa = PBXFrameworksBuildPhase;
			buildActionMask = 2147483647;
			files = (
			);
			runOnlyForDeploymentPostprocessing = 0;
		};
		EFDB76C82073696C000ACC90 /* Frameworks */ = {
			isa = PBXFrameworksBuildPhase;
			buildActionMask = 2147483647;
			files = (
			);
			runOnlyForDeploymentPostprocessing = 0;
		};
		EFDB76D32073696C000ACC90 /* Frameworks */ = {
			isa = PBXFrameworksBuildPhase;
			buildActionMask = 2147483647;
			files = (
			);
			runOnlyForDeploymentPostprocessing = 0;
		};
/* End PBXFrameworksBuildPhase section */

/* Begin PBXGroup section */
		EFDB76AE2073696B000ACC90 = {
			isa = PBXGroup;
			children = (
				EFDB76B92073696B000ACC90 /* MyFirstProject */,
				EFDB76CE2073696C000ACC90 /* MyFirstProjectTests */,
				EFDB76D92073696C000ACC90 /* MyFirstProjectUITests */,
				EFDB76B82073696B000ACC90 /* Products */,
			);
			sourceTree = "<group>";
		};
		EFDB76B82073696B000ACC90 /* Products */ = {
			isa = PBXGroup;
			children = (
				EFDB76B72073696B000ACC90 /* MyFirstProject.app */,
				EFDB76CB2073696C000ACC90 /* MyFirstProjectTests.xctest */,
				EFDB76D62073696C000ACC90 /* MyFirstProjectUITests.xctest */,
			);
			name = Products;
			sourceTree = "<group>";
		};
		EFDB76B92073696B000ACC90 /* MyFirstProject */ = {
			isa = PBXGroup;
			children = (
				EFDB76BA2073696C000ACC90 /* AppDelegate.swift */,
				EFDB76BC2073696C000ACC90 /* ViewController.swift */,
				EFDB76BE2073696C000ACC90 /* Main.storyboard */,
				EFDB76C12073696C000ACC90 /* Assets.xcassets */,
				EFDB76C32073696C000ACC90 /* LaunchScreen.storyboard */,
				EFDB76C62073696C000ACC90 /* Info.plist */,
				EFDB76E820737DBC000ACC90 /* VCRegistrar.swift */,
				EF2674F82075214700EBFF61 /* VCTable.swift */,
				EF126C7D20767E840057F0B8 /* TVCMiCelda.swift */,
				EF52D3D32085FCF0003B8EB0 /* VCCollection.swift */,
				EF33B5292086811200C48CE4 /* CVCMiCelda2.swift */,
				EF5FF193208A363500412EFB /* DataHolder.swift */,
			);
			path = MyFirstProject;
			sourceTree = "<group>";
		};
		EFDB76CE2073696C000ACC90 /* MyFirstProjectTests */ = {
			isa = PBXGroup;
			children = (
				EFDB76CF2073696C000ACC90 /* MyFirstProjectTests.swift */,
				EFDB76D12073696C000ACC90 /* Info.plist */,
			);
			path = MyFirstProjectTests;
			sourceTree = "<group>";
		};
		EFDB76D92073696C000ACC90 /* MyFirstProjectUITests */ = {
			isa = PBXGroup;
			children = (
				EFDB76DA2073696C000ACC90 /* MyFirstProjectUITests.swift */,
				EFDB76DC2073696C000ACC90 /* Info.plist */,
			);
			path = MyFirstProjectUITests;
			sourceTree = "<group>";
		};
/* End PBXGroup section */

/* Begin PBXNativeTarget section */
		EFDB76B62073696B000ACC90 /* MyFirstProject */ = {
			isa = PBXNativeTarget;
			buildConfigurationList = EFDB76DF2073696C000ACC90 /* Build configuration list for PBXNativeTarget "MyFirstProject" */;
			buildPhases = (
				EFDB76B32073696B000ACC90 /* Sources */,
				EFDB76B42073696B000ACC90 /* Frameworks */,
				EFDB76B52073696B000ACC90 /* Resources */,
			);
			buildRules = (
			);
			dependencies = (
			);
			name = MyFirstProject;
			productName = MyFirstProject;
			productReference = EFDB76B72073696B000ACC90 /* MyFirstProject.app */;
			productType = "com.apple.product-type.application";
		};
		EFDB76CA2073696C000ACC90 /* MyFirstProjectTests */ = {
			isa = PBXNativeTarget;
			buildConfigurationList = EFDB76E22073696C000ACC90 /* Build configuration list for PBXNativeTarget "MyFirstProjectTests" */;
			buildPhases = (
				EFDB76C72073696C000ACC90 /* Sources */,
				EFDB76C82073696C000ACC90 /* Frameworks */,
				EFDB76C92073696C000ACC90 /* Resources */,
			);
			buildRules = (
			);
			dependencies = (
				EFDB76CD2073696C000ACC90 /* PBXTargetDependency */,
			);
			name = MyFirstProjectTests;
			productName = MyFirstProjectTests;
			productReference = EFDB76CB2073696C000ACC90 /* MyFirstProjectTests.xctest */;
			productType = "com.apple.product-type.bundle.unit-test";
		};
		EFDB76D52073696C000ACC90 /* MyFirstProjectUITests */ = {
			isa = PBXNativeTarget;
			buildConfigurationList = EFDB76E52073696C000ACC90 /* Build configuration list for PBXNativeTarget "MyFirstProjectUITests" */;
			buildPhases = (
				EFDB76D22073696C000ACC90 /* Sources */,
				EFDB76D32073696C000ACC90 /* Frameworks */,
				EFDB76D42073696C000ACC90 /* Resources */,
			);
			buildRules = (
			);
			dependencies = (
				EFDB76D82073696C000ACC90 /* PBXTargetDependency */,
			);
			name = MyFirstProjectUITests;
			productName = MyFirstProjectUITests;
			productReference = EFDB76D62073696C000ACC90 /* MyFirstProjectUITests.xctest */;
			productType = "com.apple.product-type.bundle.ui-testing";
		};
/* End PBXNativeTarget section */

/* Begin PBXProject section */
		EFDB76AF2073696B000ACC90 /* Project object */ = {
			isa = PBXProject;
			attributes = {
				LastSwiftUpdateCheck = 0920;
				LastUpgradeCheck = 0920;
				ORGANIZATIONNAME = "OLIVIA SARTORIUS FRESCHET";
				TargetAttributes = {
					EFDB76B62073696B000ACC90 = {
						CreatedOnToolsVersion = 9.2;
						ProvisioningStyle = Automatic;
					};
					EFDB76CA2073696C000ACC90 = {
						CreatedOnToolsVersion = 9.2;
						ProvisioningStyle = Automatic;
						TestTargetID = EFDB76B62073696B000ACC90;
					};
					EFDB76D52073696C000ACC90 = {
						CreatedOnToolsVersion = 9.2;
						ProvisioningStyle = Automatic;
						TestTargetID = EFDB76B62073696B000ACC90;
					};
				};
			};
			buildConfigurationList = EFDB76B22073696B000ACC90 /* Build configuration list for PBXProject "MyFirstProject" */;
			compatibilityVersion = "Xcode 8.0";
			developmentRegion = en;
			hasScannedForEncodings = 0;
			knownRegions = (
				en,
				Base,
			);
			mainGroup = EFDB76AE2073696B000ACC90;
			productRefGroup = EFDB76B82073696B000ACC90 /* Products */;
			projectDirPath = "";
			projectRoot = "";
			targets = (
				EFDB76B62073696B000ACC90 /* MyFirstProject */,
				EFDB76CA2073696C000ACC90 /* MyFirstProjectTests */,
				EFDB76D52073696C000ACC90 /* MyFirstProjectUITests */,
			);
		};
/* End PBXProject section */

/* Begin PBXResourcesBuildPhase section */
		EFDB76B52073696B000ACC90 /* Resources */ = {
			isa = PBXResourcesBuildPhase;
			buildActionMask = 2147483647;
			files = (
				EFDB76C52073696C000ACC90 /* LaunchScreen.storyboard in Resources */,
				EFDB76C22073696C000ACC90 /* Assets.xcassets in Resources */,
				EFDB76C02073696C000ACC90 /* Main.storyboard in Resources */,
			);
			runOnlyForDeploymentPostprocessing = 0;
		};
		EFDB76C92073696C000ACC90 /* Resources */ = {
			isa = PBXResourcesBuildPhase;
			buildActionMask = 2147483647;
			files = (
			);
			runOnlyForDeploymentPostprocessing = 0;
		};
		EFDB76D42073696C000ACC90 /* Resources */ = {
			isa = PBXResourcesBuildPhase;
			buildActionMask = 2147483647;
			files = (
			);
			runOnlyForDeploymentPostprocessing = 0;
		};
/* End PBXResourcesBuildPhase section */

/* Begin PBXSourcesBuildPhase section */
		EFDB76B32073696B000ACC90 /* Sources */ = {
			isa = PBXSourcesBuildPhase;
			buildActionMask = 2147483647;
			files = (
				EFDB76BD2073696C000ACC90 /* ViewController.swift in Sources */,
				EF33B52A2086811200C48CE4 /* CVCMiCelda2.swift in Sources */,
				EF2674F92075214700EBFF61 /* VCTable.swift in Sources */,
				EF5FF194208A363500412EFB /* DataHolder.swift in Sources */,
				EF52D3D42085FCF0003B8EB0 /* VCCollection.swift in Sources */,
				EFDB76BB2073696C000ACC90 /* AppDelegate.swift in Sources */,
				EF126C7E20767E840057F0B8 /* TVCMiCelda.swift in Sources */,
				EFDB76E920737DBC000ACC90 /* VCRegistrar.swift in Sources */,
			);
			runOnlyForDeploymentPostprocessing = 0;
		};
		EFDB76C72073696C000ACC90 /* Sources */ = {
			isa = PBXSourcesBuildPhase;
			buildActionMask = 2147483647;
			files = (
				EFDB76D02073696C000ACC90 /* MyFirstProjectTests.swift in Sources */,
			);
			runOnlyForDeploymentPostprocessing = 0;
		};
		EFDB76D22073696C000ACC90 /* Sources */ = {
			isa = PBXSourcesBuildPhase;
			buildActionMask = 2147483647;
			files = (
				EFDB76DB2073696C000ACC90 /* MyFirstProjectUITests.swift in Sources */,
			);
			runOnlyForDeploymentPostprocessing = 0;
		};
/* End PBXSourcesBuildPhase section */

/* Begin PBXTargetDependency section */
		EFDB76CD2073696C000ACC90 /* PBXTargetDependency */ = {
			isa = PBXTargetDependency;
			target = EFDB76B62073696B000ACC90 /* MyFirstProject */;
			targetProxy = EFDB76CC2073696C000ACC90 /* PBXContainerItemProxy */;
		};
		EFDB76D82073696C000ACC90 /* PBXTargetDependency */ = {
			isa = PBXTargetDependency;
			target = EFDB76B62073696B000ACC90 /* MyFirstProject */;
			targetProxy = EFDB76D72073696C000ACC90 /* PBXContainerItemProxy */;
		};
/* End PBXTargetDependency section */

/* Begin PBXVariantGroup section */
		EFDB76BE2073696C000ACC90 /* Main.storyboard */ = {
			isa = PBXVariantGroup;
			children = (
				EFDB76BF2073696C000ACC90 /* Base */,
			);
			name = Main.storyboard;
			sourceTree = "<group>";
		};
		EFDB76C32073696C000ACC90 /* LaunchScreen.storyboard */ = {
			isa = PBXVariantGroup;
			children = (
				EFDB76C42073696C000ACC90 /* Base */,
			);
			name = LaunchScreen.storyboard;
			sourceTree = "<group>";
		};
/* End PBXVariantGroup section */

/* Begin XCBuildConfiguration section */
		EFDB76DD2073696C000ACC90 /* Debug */ = {
			isa = XCBuildConfiguration;
			buildSettings = {
				ALWAYS_SEARCH_USER_PATHS = NO;
				CLANG_ANALYZER_NONNULL = YES;
				CLANG_ANALYZER_NUMBER_OBJECT_CONVERSION = YES_AGGRESSIVE;
				CLANG_CXX_LANGUAGE_STANDARD = "gnu++14";
				CLANG_CXX_LIBRARY = "libc++";
				CLANG_ENABLE_MODULES = YES;
				CLANG_ENABLE_OBJC_ARC = YES;
				CLANG_WARN_BLOCK_CAPTURE_AUTORELEASING = YES;
				CLANG_WARN_BOOL_CONVERSION = YES;
				CLANG_WARN_COMMA = YES;
				CLANG_WARN_CONSTANT_CONVERSION = YES;
				CLANG_WARN_DIRECT_OBJC_ISA_USAGE = YES_ERROR;
				CLANG_WARN_DOCUMENTATION_COMMENTS = YES;
				CLANG_WARN_EMPTY_BODY = YES;
				CLANG_WARN_ENUM_CONVERSION = YES;
				CLANG_WARN_INFINITE_RECURSION = YES;
				CLANG_WARN_INT_CONVERSION = YES;
				CLANG_WARN_NON_LITERAL_NULL_CONVERSION = YES;
				CLANG_WARN_OBJC_LITERAL_CONVERSION = YES;
				CLANG_WARN_OBJC_ROOT_CLASS = YES_ERROR;
				CLANG_WARN_RANGE_LOOP_ANALYSIS = YES;
				CLANG_WARN_STRICT_PROTOTYPES = YES;
				CLANG_WARN_SUSPICIOUS_MOVE = YES;
				CLANG_WARN_UNGUARDED_AVAILABILITY = YES_AGGRESSIVE;
				CLANG_WARN_UNREACHABLE_CODE = YES;
				CLANG_WARN__DUPLICATE_METHOD_MATCH = YES;
				CODE_SIGN_IDENTITY = "iPhone Developer";
				COPY_PHASE_STRIP = NO;
				DEBUG_INFORMATION_FORMAT = dwarf;
				ENABLE_STRICT_OBJC_MSGSEND = YES;
				ENABLE_TESTABILITY = YES;
				GCC_C_LANGUAGE_STANDARD = gnu11;
				GCC_DYNAMIC_NO_PIC = NO;
				GCC_NO_COMMON_BLOCKS = YES;
				GCC_OPTIMIZATION_LEVEL = 0;
				GCC_PREPROCESSOR_DEFINITIONS = (
					"DEBUG=1",
					"$(inherited)",
				);
				GCC_WARN_64_TO_32_BIT_CONVERSION = YES;
				GCC_WARN_ABOUT_RETURN_TYPE = YES_ERROR;
				GCC_WARN_UNDECLARED_SELECTOR = YES;
				GCC_WARN_UNINITIALIZED_AUTOS = YES_AGGRESSIVE;
				GCC_WARN_UNUSED_FUNCTION = YES;
				GCC_WARN_UNUSED_VARIABLE = YES;
				IPHONEOS_DEPLOYMENT_TARGET = 11.2;
				MTL_ENABLE_DEBUG_INFO = YES;
				ONLY_ACTIVE_ARCH = YES;
				SDKROOT = iphoneos;
				SWIFT_ACTIVE_COMPILATION_CONDITIONS = DEBUG;
				SWIFT_OPTIMIZATION_LEVEL = "-Onone";
			};
			name = Debug;
		};
		EFDB76DE2073696C000ACC90 /* Release */ = {
			isa = XCBuildConfiguration;
			buildSettings = {
				ALWAYS_SEARCH_USER_PATHS = NO;
				CLANG_ANALYZER_NONNULL = YES;
				CLANG_ANALYZER_NUMBER_OBJECT_CONVERSION = YES_AGGRESSIVE;
				CLANG_CXX_LANGUAGE_STANDARD = "gnu++14";
				CLANG_CXX_LIBRARY = "libc++";
				CLANG_ENABLE_MODULES = YES;
				CLANG_ENABLE_OBJC_ARC = YES;
				CLANG_WARN_BLOCK_CAPTURE_AUTORELEASING = YES;
				CLANG_WARN_BOOL_CONVERSION = YES;
				CLANG_WARN_COMMA = YES;
				CLANG_WARN_CONSTANT_CONVERSION = YES;
				CLANG_WARN_DIRECT_OBJC_ISA_USAGE = YES_ERROR;
				CLANG_WARN_DOCUMENTATION_COMMENTS = YES;
				CLANG_WARN_EMPTY_BODY = YES;
				CLANG_WARN_ENUM_CONVERSION = YES;
				CLANG_WARN_INFINITE_RECURSION = YES;
				CLANG_WARN_INT_CONVERSION = YES;
				CLANG_WARN_NON_LITERAL_NULL_CONVERSION = YES;
				CLANG_WARN_OBJC_LITERAL_CONVERSION = YES;
				CLANG_WARN_OBJC_ROOT_CLASS = YES_ERROR;
				CLANG_WARN_RANGE_LOOP_ANALYSIS = YES;
				CLANG_WARN_STRICT_PROTOTYPES = YES;
				CLANG_WARN_SUSPICIOUS_MOVE = YES;
				CLANG_WARN_UNGUARDED_AVAILABILITY = YES_AGGRESSIVE;
				CLANG_WARN_UNREACHABLE_CODE = YES;
				CLANG_WARN__DUPLICATE_METHOD_MATCH = YES;
				CODE_SIGN_IDENTITY = "iPhone Developer";
				COPY_PHASE_STRIP = NO;
				DEBUG_INFORMATION_FORMAT = "dwarf-with-dsym";
				ENABLE_NS_ASSERTIONS = NO;
				ENABLE_STRICT_OBJC_MSGSEND = YES;
				GCC_C_LANGUAGE_STANDARD = gnu11;
				GCC_NO_COMMON_BLOCKS = YES;
				GCC_WARN_64_TO_32_BIT_CONVERSION = YES;
				GCC_WARN_ABOUT_RETURN_TYPE = YES_ERROR;
				GCC_WARN_UNDECLARED_SELECTOR = YES;
				GCC_WARN_UNINITIALIZED_AUTOS = YES_AGGRESSIVE;
				GCC_WARN_UNUSED_FUNCTION = YES;
				GCC_WARN_UNUSED_VARIABLE = YES;
				IPHONEOS_DEPLOYMENT_TARGET = 11.2;
				MTL_ENABLE_DEBUG_INFO = NO;
				SDKROOT = iphoneos;
				SWIFT_OPTIMIZATION_LEVEL = "-Owholemodule";
				VALIDATE_PRODUCT = YES;
			};
			name = Release;
		};
		EFDB76E02073696C000ACC90 /* Debug */ = {
			isa = XCBuildConfiguration;
			buildSettings = {
				ASSETCATALOG_COMPILER_APPICON_NAME = AppIcon;
				CODE_SIGN_STYLE = Automatic;
				INFOPLIST_FILE = MyFirstProject/Info.plist;
				LD_RUNPATH_SEARCH_PATHS = "$(inherited) @executable_path/Frameworks";
				PRODUCT_BUNDLE_IDENTIFIER = wut.MyFirstProject;
				PRODUCT_NAME = "$(TARGET_NAME)";
				SWIFT_VERSION = 4.0;
				TARGETED_DEVICE_FAMILY = "1,2";
			};
			name = Debug;
		};
		EFDB76E12073696C000ACC90 /* Release */ = {
			isa = XCBuildConfiguration;
			buildSettings = {
				ASSETCATALOG_COMPILER_APPICON_NAME = AppIcon;
				CODE_SIGN_STYLE = Automatic;
				INFOPLIST_FILE = MyFirstProject/Info.plist;
				LD_RUNPATH_SEARCH_PATHS = "$(inherited) @executable_path/Frameworks";
				PRODUCT_BUNDLE_IDENTIFIER = wut.MyFirstProject;
				PRODUCT_NAME = "$(TARGET_NAME)";
				SWIFT_VERSION = 4.0;
				TARGETED_DEVICE_FAMILY = "1,2";
			};
			name = Release;
		};
		EFDB76E32073696C000ACC90 /* Debug */ = {
			isa = XCBuildConfiguration;
			buildSettings = {
				ALWAYS_EMBED_SWIFT_STANDARD_LIBRARIES = YES;
				BUNDLE_LOADER = "$(TEST_HOST)";
				CODE_SIGN_STYLE = Automatic;
				INFOPLIST_FILE = MyFirstProjectTests/Info.plist;
				LD_RUNPATH_SEARCH_PATHS = "$(inherited) @executable_path/Frameworks @loader_path/Frameworks";
				PRODUCT_BUNDLE_IDENTIFIER = wut.MyFirstProjectTests;
				PRODUCT_NAME = "$(TARGET_NAME)";
				SWIFT_VERSION = 4.0;
				TARGETED_DEVICE_FAMILY = "1,2";
				TEST_HOST = "$(BUILT_PRODUCTS_DIR)/MyFirstProject.app/MyFirstProject";
			};
			name = Debug;
		};
		EFDB76E42073696C000ACC90 /* Release */ = {
			isa = XCBuildConfiguration;
			buildSettings = {
				ALWAYS_EMBED_SWIFT_STANDARD_LIBRARIES = YES;
				BUNDLE_LOADER = "$(TEST_HOST)";
				CODE_SIGN_STYLE = Automatic;
				INFOPLIST_FILE = MyFirstProjectTests/Info.plist;
				LD_RUNPATH_SEARCH_PATHS = "$(inherited) @executable_path/Frameworks @loader_path/Frameworks";
				PRODUCT_BUNDLE_IDENTIFIER = wut.MyFirstProjectTests;
				PRODUCT_NAME = "$(TARGET_NAME)";
				SWIFT_VERSION = 4.0;
				TARGETED_DEVICE_FAMILY = "1,2";
				TEST_HOST = "$(BUILT_PRODUCTS_DIR)/MyFirstProject.app/MyFirstProject";
			};
			name = Release;
		};
		EFDB76E62073696C000ACC90 /* Debug */ = {
			isa = XCBuildConfiguration;
			buildSettings = {
				ALWAYS_EMBED_SWIFT_STANDARD_LIBRARIES = YES;
				CODE_SIGN_STYLE = Automatic;
				INFOPLIST_FILE = MyFirstProjectUITests/Info.plist;
				LD_RUNPATH_SEARCH_PATHS = "$(inherited) @executable_path/Frameworks @loader_path/Frameworks";
				PRODUCT_BUNDLE_IDENTIFIER = wut.MyFirstProjectUITests;
				PRODUCT_NAME = "$(TARGET_NAME)";
				SWIFT_VERSION = 4.0;
				TARGETED_DEVICE_FAMILY = "1,2";
				TEST_TARGET_NAME = MyFirstProject;
			};
			name = Debug;
		};
		EFDB76E72073696C000ACC90 /* Release */ = {
			isa = XCBuildConfiguration;
			buildSettings = {
				ALWAYS_EMBED_SWIFT_STANDARD_LIBRARIES = YES;
				CODE_SIGN_STYLE = Automatic;
				INFOPLIST_FILE = MyFirstProjectUITests/Info.plist;
				LD_RUNPATH_SEARCH_PATHS = "$(inherited) @executable_path/Frameworks @loader_path/Frameworks";
				PRODUCT_BUNDLE_IDENTIFIER = wut.MyFirstProjectUITests;
				PRODUCT_NAME = "$(TARGET_NAME)";
				SWIFT_VERSION = 4.0;
				TARGETED_DEVICE_FAMILY = "1,2";
				TEST_TARGET_NAME = MyFirstProject;
			};
			name = Release;
		};
/* End XCBuildConfiguration section */

/* Begin XCConfigurationList section */
		EFDB76B22073696B000ACC90 /* Build configuration list for PBXProject "MyFirstProject" */ = {
			isa = XCConfigurationList;
			buildConfigurations = (
				EFDB76DD2073696C000ACC90 /* Debug */,
				EFDB76DE2073696C000ACC90 /* Release */,
			);
			defaultConfigurationIsVisible = 0;
			defaultConfigurationName = Release;
		};
		EFDB76DF2073696C000ACC90 /* Build configuration list for PBXNativeTarget "MyFirstProject" */ = {
			isa = XCConfigurationList;
			buildConfigurations = (
				EFDB76E02073696C000ACC90 /* Debug */,
				EFDB76E12073696C000ACC90 /* Release */,
			);
			defaultConfigurationIsVisible = 0;
			defaultConfigurationName = Release;
		};
		EFDB76E22073696C000ACC90 /* Build configuration list for PBXNativeTarget "MyFirstProjectTests" */ = {
			isa = XCConfigurationList;
			buildConfigurations = (
				EFDB76E32073696C000ACC90 /* Debug */,
				EFDB76E42073696C000ACC90 /* Release */,
			);
			defaultConfigurationIsVisible = 0;
			defaultConfigurationName = Release;
		};
		EFDB76E52073696C000ACC90 /* Build configuration list for PBXNativeTarget "MyFirstProjectUITests" */ = {
			isa = XCConfigurationList;
			buildConfigurations = (
				EFDB76E62073696C000ACC90 /* Debug */,
				EFDB76E72073696C000ACC90 /* Release */,
			);
			defaultConfigurationIsVisible = 0;
			defaultConfigurationName = Release;
		};
/* End XCConfigurationList section */
	};
	rootObject = EFDB76AF2073696B000ACC90 /* Project object */;
}
